
Microsoft Visual Studio Solution File, Format Version 12.00
# Visual Studio Version 16
VisualStudioVersion = 16.0.31624.102
MinimumVisualStudioVersion = 10.0.40219.1
Project("{9A19103F-16F7-4668-BE54-9A1E7A4F7556}") = "selfhosting", "selfhosting\selfhosting.csproj", "{486F811F-DC53-4560-9E9D-BDD32A6029B9}"
EndProject
Project("{FAE04EC0-301F-11D3-BF4B-00C04F79EFBC}") = "selfhosting.lib", "selfhosting.lib\selfhosting.lib.csproj", "{FAC46506-EB00-4F09-A93F-87EDD4DCB035}"
EndProject
Global
	GlobalSection(SolutionConfigurationPlatforms) = preSolution
		Debug|Any CPU = Debug|Any CPU
		Release|Any CPU = Release|Any CPU
	EndGlobalSection
	GlobalSection(ProjectConfigurationPlatforms) = postSolution
		{486F811F-DC53-4560-9E9D-BDD32A6029B9}.Debug|Any CPU.ActiveCfg = Debug|Any CPU
		{486F811F-DC53-4560-9E9D-BDD32A6029B9}.Debug|Any CPU.Build.0 = Debug|Any CPU
		{486F811F-DC53-4560-9E9D-BDD32A6029B9}.Release|Any CPU.ActiveCfg = Release|Any CPU
		{486F811F-DC53-4560-9E9D-BDD32A6029B9}.Release|Any CPU.Build.0 = Release|Any CPU
		{FAC46506-EB00-4F09-A93F-87EDD4DCB035}.Debug|Any CPU.ActiveCfg = Debug|Any CPU
		{FAC46506-EB00-4F09-A93F-87EDD4DCB035}.Debug|Any CPU.Build.0 = Debug|Any CPU
		{FAC46506-EB00-4F09-A93F-87EDD4DCB035}.Release|Any CPU.ActiveCfg = Release|Any CPU
		{FAC46506-EB00-4F09-A93F-87EDD4DCB035}.Release|Any CPU.Build.0 = Release|Any CPU
	EndGlobalSection
	GlobalSection(SolutionProperties) = preSolution
		HideSolutionNode = FALSE
	EndGlobalSection
	GlobalSection(ExtensibilityGlobals) = postSolution
		SolutionGuid = {C50D05DD-75F0-4D4C-9E0E-A26ADB3AC8EC}
	EndGlobalSection
EndGlobal
